
Microsoft Visual Studio Solution File, Format Version 12.00
# Visual Studio Version 16
VisualStudioVersion = 16.0.31727.386
MinimumVisualStudioVersion = 10.0.40219.1
Project("{FAE04EC0-301F-11D3-BF4B-00C04F79EFBC}") = "WindowsFormsApp1", "WindowsFormsApp1\WindowsFormsApp1.csproj", "{8650A1C0-25F8-494E-97D5-9663FA17D18A}"
EndProject
Global
	GlobalSection(SolutionConfigurationPlatforms) = preSolution
		Debug|Any CPU = Debug|Any CPU
		Release|Any CPU = Release|Any CPU
	EndGlobalSection
	GlobalSection(ProjectConfigurationPlatforms) = postSolution
		{8650A1C0-25F8-494E-97D5-9663FA17D18A}.Debug|Any CPU.ActiveCfg = Debug|Any CPU
		{8650A1C0-25F8-494E-97D5-9663FA17D18A}.Debug|Any CPU.Build.0 = Debug|Any CPU
		{8650A1C0-25F8-494E-97D5-9663FA17D18A}.Release|Any CPU.ActiveCfg = Release|Any CPU
		{8650A1C0-25F8-494E-97D5-9663FA17D18A}.Release|Any CPU.Build.0 = Release|Any CPU
	EndGlobalSection
	GlobalSection(SolutionProperties) = preSolution
		HideSolutionNode = FALSE
	EndGlobalSection
	GlobalSection(ExtensibilityGlobals) = postSolution
		SolutionGuid = {0C2F38BE-4B51-40CF-9638-A9CE3A9E8D6F}
	EndGlobalSection
EndGlobal
